
Microsoft Visual Studio Solution File, Format Version 12.00
# Visual Studio Version 16
VisualStudioVersion = 16.0.30621.155
MinimumVisualStudioVersion = 10.0.40219.1
Project("{FAE04EC0-301F-11D3-BF4B-00C04F79EFBC}") = "ConsoleIOExample", "ConsoleIOExample\ConsoleIOExample.csproj", "{55283075-FB1E-4701-8E1A-63BCD8AB1ADA}"
EndProject
Global
	GlobalSection(SolutionConfigurationPlatforms) = preSolution
		Debug|Any CPU = Debug|Any CPU
		Release|Any CPU = Release|Any CPU
	EndGlobalSection
	GlobalSection(ProjectConfigurationPlatforms) = postSolution
		{55283075-FB1E-4701-8E1A-63BCD8AB1ADA}.Debug|Any CPU.ActiveCfg = Debug|Any CPU
		{55283075-FB1E-4701-8E1A-63BCD8AB1ADA}.Debug|Any CPU.Build.0 = Debug|Any CPU
		{55283075-FB1E-4701-8E1A-63BCD8AB1ADA}.Release|Any CPU.ActiveCfg = Release|Any CPU
		{55283075-FB1E-4701-8E1A-63BCD8AB1ADA}.Release|Any CPU.Build.0 = Release|Any CPU
	EndGlobalSection
	GlobalSection(SolutionProperties) = preSolution
		HideSolutionNode = FALSE
	EndGlobalSection
	GlobalSection(ExtensibilityGlobals) = postSolution
		SolutionGuid = {70225BDA-85C4-44A0-B123-D5EDC3E6F8A2}
	EndGlobalSection
EndGlobal
